<?xml version="1.0" encoding="UTF-8" standalone="yes" ?>
<CodeBlocks_project_file>
	<FileVersion major="1" minor="6" />
	<Project>
		<Option title="Gamee" />
		<Option pch_mode="2" />
		<Option compiler="gcc" />
		<Build>
			<Target title="Debug">
				<Option output="bin/Debug/Gamee" prefix_auto="1" extension_auto="1" />
				<Option object_output="obj/Debug/" />
				<Option type="1" />
				<Option compiler="gcc" />
				<Compiler>
					<Add option="-g" />
					<Add directory="print" />
					<Add directory="map" />
					<Add directory="include" />
					<Add directory="main_object" />
					<Add directory="main" />
					<Add directory="bullet" />
					<Add directory="text" />
				</Compiler>
			</Target>
			<Target title="Release">
				<Option output="bin/Release/Gamee" prefix_auto="1" extension_auto="1" />
				<Option object_output="obj/Release/" />
				<Option type="1" />
				<Option compiler="gcc" />
				<Compiler>
					<Add option="-O2" />
					<Add directory="print" />
					<Add directory="map" />
					<Add directory="include" />
					<Add directory="main_object" />
					<Add directory="main" />
					<Add directory="bullet" />
					<Add directory="text" />
				</Compiler>
				<Linker>
					<Add option="-s" />
				</Linker>
			</Target>
		</Build>
		<Compiler>
			<Add option="-Wall" />
		</Compiler>
		<Unit filename="bullet/bullet.cpp" />
		<Unit filename="bullet/bullet.h" />
		<Unit filename="main/mainobject.cpp" />
		<Unit filename="main/mainobject.h" />
		<Unit filename="print/print.cpp" />
		<Unit filename="print/print.h" />
		<Unit filename="test.cpp" />
		<Unit filename="text/text.cpp" />
		<Unit filename="text/text.h" />
		<Extensions>
			<code_completion />
			<envvars />
			<debugger />
			<lib_finder disable_auto="1" />
		</Extensions>
	</Project>
</CodeBlocks_project_file>
